
Microsoft Visual Studio Solution File, Format Version 12.00
# Visual Studio Version 17
VisualStudioVersion = 17.13.35931.197
MinimumVisualStudioVersion = 10.0.40219.1
Project("{FAE04EC0-301F-11D3-BF4B-00C04F79EFBC}") = "UNIFY", "UNIFY\UNIFY.csproj", "{48252874-8270-4C0C-81F8-A5792AC871DD}"
EndProject
Global
	GlobalSection(SolutionConfigurationPlatforms) = preSolution
		Debug|Any CPU = Debug|Any CPU
		Release|Any CPU = Release|Any CPU
	EndGlobalSection
	GlobalSection(ProjectConfigurationPlatforms) = postSolution
		{48252874-8270-4C0C-81F8-A5792AC871DD}.Debug|Any CPU.ActiveCfg = Debug|Any CPU
		{48252874-8270-4C0C-81F8-A5792AC871DD}.Debug|Any CPU.Build.0 = Debug|Any CPU
		{48252874-8270-4C0C-81F8-A5792AC871DD}.Release|Any CPU.ActiveCfg = Release|Any CPU
		{48252874-8270-4C0C-81F8-A5792AC871DD}.Release|Any CPU.Build.0 = Release|Any CPU
	EndGlobalSection
	GlobalSection(SolutionProperties) = preSolution
		HideSolutionNode = FALSE
	EndGlobalSection
	GlobalSection(ExtensibilityGlobals) = postSolution
		SolutionGuid = {68BB0ECD-0706-48C8-9E63-FB77DC7D4F76}
	EndGlobalSection
EndGlobal
